// !$*UTF8*$!
{
	archiveVersion = 1;
	classes = {
	};
	objectVersion = 55;
	objects = {

/* Begin PBXBuildFile section */
		91D72B4627B2540900FB24A7 /* AppDelegate.swift in Sources */ = {isa = PBXBuildFile; fileRef = 91D72B4527B2540900FB24A7 /* AppDelegate.swift */; };
		91D72B4C27B2540900FB24A7 /* GameScene.swift in Sources */ = {isa = PBXBuildFile; fileRef = 91D72B4B27B2540900FB24A7 /* GameScene.swift */; };
		91D72B4E27B2540900FB24A7 /* GameViewController.swift in Sources */ = {isa = PBXBuildFile; fileRef = 91D72B4D27B2540900FB24A7 /* GameViewController.swift */; };
		91D72B5127B2540900FB24A7 /* Main.storyboard in Resources */ = {isa = PBXBuildFile; fileRef = 91D72B4F27B2540900FB24A7 /* Main.storyboard */; };
		91D72B5327B2540B00FB24A7 /* Assets.xcassets in Resources */ = {isa = PBXBuildFile; fileRef = 91D72B5227B2540B00FB24A7 /* Assets.xcassets */; };
		91D72B5627B2540B00FB24A7 /* LaunchScreen.storyboard in Resources */ = {isa = PBXBuildFile; fileRef = 91D72B5427B2540B00FB24A7 /* LaunchScreen.storyboard */; };
		91D72B6127B25C2A00FB24A7 /* Extensions.swift in Sources */ = {isa = PBXBuildFile; fileRef = 91D72B6027B25C2900FB24A7 /* Extensions.swift */; };
		91ECF13727B26F7F0093F981 /* HudNode.swift in Sources */ = {isa = PBXBuildFile; fileRef = 91ECF13627B26F7F0093F981 /* HudNode.swift */; };
		91ECF13927B277C40093F981 /* PlayerNode.swift in Sources */ = {isa = PBXBuildFile; fileRef = 91ECF13827B277C40093F981 /* PlayerNode.swift */; };
		91ECF13B27B2789D0093F981 /* Constants.swift in Sources */ = {isa = PBXBuildFile; fileRef = 91ECF13A27B2789D0093F981 /* Constants.swift */; };
		91ECF13D27B279410093F981 /* GameFrameNode.swift in Sources */ = {isa = PBXBuildFile; fileRef = 91ECF13C27B279410093F981 /* GameFrameNode.swift */; };
		91ECF13F27B27FCB0093F981 /* PinNode.swift in Sources */ = {isa = PBXBuildFile; fileRef = 91ECF13E27B27FCB0093F981 /* PinNode.swift */; };
		91ECF14327B283860093F981 /* Acid.sks in Resources */ = {isa = PBXBuildFile; fileRef = 91ECF14127B283860093F981 /* Acid.sks */; };
		91ECF14427B283860093F981 /* Assets.xcassets in Resources */ = {isa = PBXBuildFile; fileRef = 91ECF14227B283860093F981 /* Assets.xcassets */; };
/* End PBXBuildFile section */

/* Begin PBXFileReference section */
		91D72B4227B2540900FB24A7 /* GimmeTheLoot.app */ = {isa = PBXFileReference; explicitFileType = wrapper.application; includeInIndex = 0; path = GimmeTheLoot.app; sourceTree = BUILT_PRODUCTS_DIR; };
		91D72B4527B2540900FB24A7 /* AppDelegate.swift */ = {isa = PBXFileReference; lastKnownFileType = sourcecode.swift; path = AppDelegate.swift; sourceTree = "<group>"; };
		91D72B4B27B2540900FB24A7 /* GameScene.swift */ = {isa = PBXFileReference; lastKnownFileType = sourcecode.swift; path = GameScene.swift; sourceTree = "<group>"; };
		91D72B4D27B2540900FB24A7 /* GameViewController.swift */ = {isa = PBXFileReference; lastKnownFileType = sourcecode.swift; path = GameViewController.swift; sourceTree = "<group>"; };
		91D72B5027B2540900FB24A7 /* Base */ = {isa = PBXFileReference; lastKnownFileType = file.storyboard; name = Base; path = Base.lproj/Main.storyboard; sourceTree = "<group>"; };
		91D72B5227B2540B00FB24A7 /* Assets.xcassets */ = {isa = PBXFileReference; lastKnownFileType = folder.assetcatalog; path = Assets.xcassets; sourceTree = "<group>"; };
		91D72B5527B2540B00FB24A7 /* Base */ = {isa = PBXFileReference; lastKnownFileType = file.storyboard; name = Base; path = Base.lproj/LaunchScreen.storyboard; sourceTree = "<group>"; };
		91D72B6027B25C2900FB24A7 /* Extensions.swift */ = {isa = PBXFileReference; lastKnownFileType = sourcecode.swift; path = Extensions.swift; sourceTree = "<group>"; };
		91ECF13627B26F7F0093F981 /* HudNode.swift */ = {isa = PBXFileReference; lastKnownFileType = sourcecode.swift; path = HudNode.swift; sourceTree = "<group>"; };
		91ECF13827B277C40093F981 /* PlayerNode.swift */ = {isa = PBXFileReference; lastKnownFileType = sourcecode.swift; path = PlayerNode.swift; sourceTree = "<group>"; };
		91ECF13A27B2789D0093F981 /* Constants.swift */ = {isa = PBXFileReference; lastKnownFileType = sourcecode.swift; path = Constants.swift; sourceTree = "<group>"; };
		91ECF13C27B279410093F981 /* GameFrameNode.swift */ = {isa = PBXFileReference; lastKnownFileType = sourcecode.swift; path = GameFrameNode.swift; sourceTree = "<group>"; };
		91ECF13E27B27FCB0093F981 /* PinNode.swift */ = {isa = PBXFileReference; lastKnownFileType = sourcecode.swift; path = PinNode.swift; sourceTree = "<group>"; };
		91ECF14127B283860093F981 /* Acid.sks */ = {isa = PBXFileReference; lastKnownFileType = file.sks; path = Acid.sks; sourceTree = "<group>"; };
		91ECF14227B283860093F981 /* Assets.xcassets */ = {isa = PBXFileReference; lastKnownFileType = folder.assetcatalog; path = Assets.xcassets; sourceTree = "<group>"; };
/* End PBXFileReference section */

/* Begin PBXFrameworksBuildPhase section */
		91D72B3F27B2540900FB24A7 /* Frameworks */ = {
			isa = PBXFrameworksBuildPhase;
			buildActionMask = 2147483647;
			files = (
			);
			runOnlyForDeploymentPostprocessing = 0;
		};
/* End PBXFrameworksBuildPhase section */

/* Begin PBXGroup section */
		91D72B3927B2540900FB24A7 = {
			isa = PBXGroup;
			children = (
				91D72B4427B2540900FB24A7 /* GimmeTheLoot */,
				91D72B4327B2540900FB24A7 /* Products */,
			);
			sourceTree = "<group>";
		};
		91D72B4327B2540900FB24A7 /* Products */ = {
			isa = PBXGroup;
			children = (
				91D72B4227B2540900FB24A7 /* GimmeTheLoot.app */,
			);
			name = Products;
			sourceTree = "<group>";
		};
		91D72B4427B2540900FB24A7 /* GimmeTheLoot */ = {
			isa = PBXGroup;
			children = (
				91ECF14027B2835C0093F981 /* Particles */,
				91ECF13527B26F690093F981 /* Nodes */,
				91D72B5F27B2545100FB24A7 /* Views */,
				91D72B5E27B2543200FB24A7 /* ViewControllers */,
				91D72B5D27B2542500FB24A7 /* GameScenes */,
				91D72B5C27B2541B00FB24A7 /* Resources */,
			);
			path = GimmeTheLoot;
			sourceTree = "<group>";
		};
		91D72B5C27B2541B00FB24A7 /* Resources */ = {
			isa = PBXGroup;
			children = (
				91D72B4527B2540900FB24A7 /* AppDelegate.swift */,
				91D72B6027B25C2900FB24A7 /* Extensions.swift */,
				91ECF13A27B2789D0093F981 /* Constants.swift */,
			);
			path = Resources;
			sourceTree = "<group>";
		};
		91D72B5D27B2542500FB24A7 /* GameScenes */ = {
			isa = PBXGroup;
			children = (
				91D72B4B27B2540900FB24A7 /* GameScene.swift */,
			);
			path = GameScenes;
			sourceTree = "<group>";
		};
		91D72B5E27B2543200FB24A7 /* ViewControllers */ = {
			isa = PBXGroup;
			children = (
				91D72B4D27B2540900FB24A7 /* GameViewController.swift */,
			);
			path = ViewControllers;
			sourceTree = "<group>";
		};
		91D72B5F27B2545100FB24A7 /* Views */ = {
			isa = PBXGroup;
			children = (
				91D72B4F27B2540900FB24A7 /* Main.storyboard */,
				91D72B5427B2540B00FB24A7 /* LaunchScreen.storyboard */,
				91D72B5227B2540B00FB24A7 /* Assets.xcassets */,
			);
			path = Views;
			sourceTree = "<group>";
		};
		91ECF13527B26F690093F981 /* Nodes */ = {
			isa = PBXGroup;
			children = (
				91ECF13627B26F7F0093F981 /* HudNode.swift */,
				91ECF13827B277C40093F981 /* PlayerNode.swift */,
				91ECF13C27B279410093F981 /* GameFrameNode.swift */,
				91ECF13E27B27FCB0093F981 /* PinNode.swift */,
			);
			path = Nodes;
			sourceTree = "<group>";
		};
		91ECF14027B2835C0093F981 /* Particles */ = {
			isa = PBXGroup;
			children = (
				91ECF14127B283860093F981 /* Acid.sks */,
				91ECF14227B283860093F981 /* Assets.xcassets */,
			);
			path = Particles;
			sourceTree = "<group>";
		};
/* End PBXGroup section */

/* Begin PBXNativeTarget section */
		91D72B4127B2540900FB24A7 /* GimmeTheLoot */ = {
			isa = PBXNativeTarget;
			buildConfigurationList = 91D72B5927B2540B00FB24A7 /* Build configuration list for PBXNativeTarget "GimmeTheLoot" */;
			buildPhases = (
				91D72B3E27B2540900FB24A7 /* Sources */,
				91D72B3F27B2540900FB24A7 /* Frameworks */,
				91D72B4027B2540900FB24A7 /* Resources */,
			);
			buildRules = (
			);
			dependencies = (
			);
			name = GimmeTheLoot;
			productName = GimmeTheLoot;
			productReference = 91D72B4227B2540900FB24A7 /* GimmeTheLoot.app */;
			productType = "com.apple.product-type.application";
		};
/* End PBXNativeTarget section */

/* Begin PBXProject section */
		91D72B3A27B2540900FB24A7 /* Project object */ = {
			isa = PBXProject;
			attributes = {
				BuildIndependentTargetsInParallel = 1;
				LastSwiftUpdateCheck = 1310;
				LastUpgradeCheck = 1310;
				TargetAttributes = {
					91D72B4127B2540900FB24A7 = {
						CreatedOnToolsVersion = 13.1;
					};
				};
			};
			buildConfigurationList = 91D72B3D27B2540900FB24A7 /* Build configuration list for PBXProject "GimmeTheLoot" */;
			compatibilityVersion = "Xcode 13.0";
			developmentRegion = en;
			hasScannedForEncodings = 0;
			knownRegions = (
				en,
				Base,
			);
			mainGroup = 91D72B3927B2540900FB24A7;
			productRefGroup = 91D72B4327B2540900FB24A7 /* Products */;
			projectDirPath = "";
			projectRoot = "";
			targets = (
				91D72B4127B2540900FB24A7 /* GimmeTheLoot */,
			);
		};
/* End PBXProject section */

/* Begin PBXResourcesBuildPhase section */
		91D72B4027B2540900FB24A7 /* Resources */ = {
			isa = PBXResourcesBuildPhase;
			buildActionMask = 2147483647;
			files = (
				91ECF14327B283860093F981 /* Acid.sks in Resources */,
				91D72B5127B2540900FB24A7 /* Main.storyboard in Resources */,
				91D72B5327B2540B00FB24A7 /* Assets.xcassets in Resources */,
				91D72B5627B2540B00FB24A7 /* LaunchScreen.storyboard in Resources */,
				91ECF14427B283860093F981 /* Assets.xcassets in Resources */,
			);
			runOnlyForDeploymentPostprocessing = 0;
		};
/* End PBXResourcesBuildPhase section */

/* Begin PBXSourcesBuildPhase section */
		91D72B3E27B2540900FB24A7 /* Sources */ = {
			isa = PBXSourcesBuildPhase;
			buildActionMask = 2147483647;
			files = (
				91D72B4C27B2540900FB24A7 /* GameScene.swift in Sources */,
				91ECF13F27B27FCB0093F981 /* PinNode.swift in Sources */,
				91D72B4E27B2540900FB24A7 /* GameViewController.swift in Sources */,
				91ECF13927B277C40093F981 /* PlayerNode.swift in Sources */,
				91D72B4627B2540900FB24A7 /* AppDelegate.swift in Sources */,
				91ECF13B27B2789D0093F981 /* Constants.swift in Sources */,
				91ECF13727B26F7F0093F981 /* HudNode.swift in Sources */,
				91D72B6127B25C2A00FB24A7 /* Extensions.swift in Sources */,
				91ECF13D27B279410093F981 /* GameFrameNode.swift in Sources */,
			);
			runOnlyForDeploymentPostprocessing = 0;
		};
/* End PBXSourcesBuildPhase section */

/* Begin PBXVariantGroup section */
		91D72B4F27B2540900FB24A7 /* Main.storyboard */ = {
			isa = PBXVariantGroup;
			children = (
				91D72B5027B2540900FB24A7 /* Base */,
			);
			name = Main.storyboard;
			sourceTree = "<group>";
		};
		91D72B5427B2540B00FB24A7 /* LaunchScreen.storyboard */ = {
			isa = PBXVariantGroup;
			children = (
				91D72B5527B2540B00FB24A7 /* Base */,
			);
			name = LaunchScreen.storyboard;
			sourceTree = "<group>";
		};
/* End PBXVariantGroup section */

/* Begin XCBuildConfiguration section */
		91D72B5727B2540B00FB24A7 /* Debug */ = {
			isa = XCBuildConfiguration;
			buildSettings = {
				ALWAYS_SEARCH_USER_PATHS = NO;
				CLANG_ANALYZER_NONNULL = YES;
				CLANG_ANALYZER_NUMBER_OBJECT_CONVERSION = YES_AGGRESSIVE;
				CLANG_CXX_LANGUAGE_STANDARD = "gnu++17";
				CLANG_CXX_LIBRARY = "libc++";
				CLANG_ENABLE_MODULES = YES;
				CLANG_ENABLE_OBJC_ARC = YES;
				CLANG_ENABLE_OBJC_WEAK = YES;
				CLANG_WARN_BLOCK_CAPTURE_AUTORELEASING = YES;
				CLANG_WARN_BOOL_CONVERSION = YES;
				CLANG_WARN_COMMA = YES;
				CLANG_WARN_CONSTANT_CONVERSION = YES;
				CLANG_WARN_DEPRECATED_OBJC_IMPLEMENTATIONS = YES;
				CLANG_WARN_DIRECT_OBJC_ISA_USAGE = YES_ERROR;
				CLANG_WARN_DOCUMENTATION_COMMENTS = YES;
				CLANG_WARN_EMPTY_BODY = YES;
				CLANG_WARN_ENUM_CONVERSION = YES;
				CLANG_WARN_INFINITE_RECURSION = YES;
				CLANG_WARN_INT_CONVERSION = YES;
				CLANG_WARN_NON_LITERAL_NULL_CONVERSION = YES;
				CLANG_WARN_OBJC_IMPLICIT_RETAIN_SELF = YES;
				CLANG_WARN_OBJC_LITERAL_CONVERSION = YES;
				CLANG_WARN_OBJC_ROOT_CLASS = YES_ERROR;
				CLANG_WARN_QUOTED_INCLUDE_IN_FRAMEWORK_HEADER = YES;
				CLANG_WARN_RANGE_LOOP_ANALYSIS = YES;
				CLANG_WARN_STRICT_PROTOTYPES = YES;
				CLANG_WARN_SUSPICIOUS_MOVE = YES;
				CLANG_WARN_UNGUARDED_AVAILABILITY = YES_AGGRESSIVE;
				CLANG_WARN_UNREACHABLE_CODE = YES;
				CLANG_WARN__DUPLICATE_METHOD_MATCH = YES;
				COPY_PHASE_STRIP = NO;
				DEBUG_INFORMATION_FORMAT = dwarf;
				ENABLE_STRICT_OBJC_MSGSEND = YES;
				ENABLE_TESTABILITY = YES;
				GCC_C_LANGUAGE_STANDARD = gnu11;
				GCC_DYNAMIC_NO_PIC = NO;
				GCC_NO_COMMON_BLOCKS = YES;
				GCC_OPTIMIZATION_LEVEL = 0;
				GCC_PREPROCESSOR_DEFINITIONS = (
					"DEBUG=1",
					"$(inherited)",
				);
				GCC_WARN_64_TO_32_BIT_CONVERSION = YES;
				GCC_WARN_ABOUT_RETURN_TYPE = YES_ERROR;
				GCC_WARN_UNDECLARED_SELECTOR = YES;
				GCC_WARN_UNINITIALIZED_AUTOS = YES_AGGRESSIVE;
				GCC_WARN_UNUSED_FUNCTION = YES;
				GCC_WARN_UNUSED_VARIABLE = YES;
				IPHONEOS_DEPLOYMENT_TARGET = 15.0;
				MTL_ENABLE_DEBUG_INFO = INCLUDE_SOURCE;
				MTL_FAST_MATH = YES;
				ONLY_ACTIVE_ARCH = YES;
				SDKROOT = iphoneos;
				SWIFT_ACTIVE_COMPILATION_CONDITIONS = DEBUG;
				SWIFT_OPTIMIZATION_LEVEL = "-Onone";
			};
			name = Debug;
		};
		91D72B5827B2540B00FB24A7 /* Release */ = {
			isa = XCBuildConfiguration;
			buildSettings = {
				ALWAYS_SEARCH_USER_PATHS = NO;
				CLANG_ANALYZER_NONNULL = YES;
				CLANG_ANALYZER_NUMBER_OBJECT_CONVERSION = YES_AGGRESSIVE;
				CLANG_CXX_LANGUAGE_STANDARD = "gnu++17";
				CLANG_CXX_LIBRARY = "libc++";
				CLANG_ENABLE_MODULES = YES;
				CLANG_ENABLE_OBJC_ARC = YES;
				CLANG_ENABLE_OBJC_WEAK = YES;
				CLANG_WARN_BLOCK_CAPTURE_AUTORELEASING = YES;
				CLANG_WARN_BOOL_CONVERSION = YES;
				CLANG_WARN_COMMA = YES;
				CLANG_WARN_CONSTANT_CONVERSION = YES;
				CLANG_WARN_DEPRECATED_OBJC_IMPLEMENTATIONS = YES;
				CLANG_WARN_DIRECT_OBJC_ISA_USAGE = YES_ERROR;
				CLANG_WARN_DOCUMENTATION_COMMENTS = YES;
				CLANG_WARN_EMPTY_BODY = YES;
				CLANG_WARN_ENUM_CONVERSION = YES;
				CLANG_WARN_INFINITE_RECURSION = YES;
				CLANG_WARN_INT_CONVERSION = YES;
				CLANG_WARN_NON_LITERAL_NULL_CONVERSION = YES;
				CLANG_WARN_OBJC_IMPLICIT_RETAIN_SELF = YES;
				CLANG_WARN_OBJC_LITERAL_CONVERSION = YES;
				CLANG_WARN_OBJC_ROOT_CLASS = YES_ERROR;
				CLANG_WARN_QUOTED_INCLUDE_IN_FRAMEWORK_HEADER = YES;
				CLANG_WARN_RANGE_LOOP_ANALYSIS = YES;
				CLANG_WARN_STRICT_PROTOTYPES = YES;
				CLANG_WARN_SUSPICIOUS_MOVE = YES;
				CLANG_WARN_UNGUARDED_AVAILABILITY = YES_AGGRESSIVE;
				CLANG_WARN_UNREACHABLE_CODE = YES;
				CLANG_WARN__DUPLICATE_METHOD_MATCH = YES;
				COPY_PHASE_STRIP = NO;
				DEBUG_INFORMATION_FORMAT = "dwarf-with-dsym";
				ENABLE_NS_ASSERTIONS = NO;
				ENABLE_STRICT_OBJC_MSGSEND = YES;
				GCC_C_LANGUAGE_STANDARD = gnu11;
				GCC_NO_COMMON_BLOCKS = YES;
				GCC_WARN_64_TO_32_BIT_CONVERSION = YES;
				GCC_WARN_ABOUT_RETURN_TYPE = YES_ERROR;
				GCC_WARN_UNDECLARED_SELECTOR = YES;
				GCC_WARN_UNINITIALIZED_AUTOS = YES_AGGRESSIVE;
				GCC_WARN_UNUSED_FUNCTION = YES;
				GCC_WARN_UNUSED_VARIABLE = YES;
				IPHONEOS_DEPLOYMENT_TARGET = 15.0;
				MTL_ENABLE_DEBUG_INFO = NO;
				MTL_FAST_MATH = YES;
				SDKROOT = iphoneos;
				SWIFT_COMPILATION_MODE = wholemodule;
				SWIFT_OPTIMIZATION_LEVEL = "-O";
				VALIDATE_PRODUCT = YES;
			};
			name = Release;
		};
		91D72B5A27B2540B00FB24A7 /* Debug */ = {
			isa = XCBuildConfiguration;
			buildSettings = {
				ASSETCATALOG_COMPILER_APPICON_NAME = AppIcon;
				ASSETCATALOG_COMPILER_GLOBAL_ACCENT_COLOR_NAME = AccentColor;
				CODE_SIGN_STYLE = Automatic;
				CURRENT_PROJECT_VERSION = 1;
				DEVELOPMENT_TEAM = 8ZYH9A6QJL;
				GENERATE_INFOPLIST_FILE = YES;
				INFOPLIST_KEY_UIApplicationSupportsIndirectInputEvents = YES;
				INFOPLIST_KEY_UILaunchStoryboardName = LaunchScreen;
				INFOPLIST_KEY_UIMainStoryboardFile = Main;
				INFOPLIST_KEY_UIStatusBarHidden = YES;
				INFOPLIST_KEY_UISupportedInterfaceOrientations_iPad = "UIInterfaceOrientationPortrait UIInterfaceOrientationPortraitUpsideDown UIInterfaceOrientationLandscapeLeft UIInterfaceOrientationLandscapeRight";
				INFOPLIST_KEY_UISupportedInterfaceOrientations_iPhone = "UIInterfaceOrientationPortrait UIInterfaceOrientationLandscapeLeft UIInterfaceOrientationLandscapeRight";
				LD_RUNPATH_SEARCH_PATHS = (
					"$(inherited)",
					"@executable_path/Frameworks",
				);
				MARKETING_VERSION = 1.0;
				PRODUCT_BUNDLE_IDENTIFIER = "com.Vlad-Akymenko.GimmeTheLoot";
				PRODUCT_NAME = "$(TARGET_NAME)";
				SWIFT_EMIT_LOC_STRINGS = YES;
				SWIFT_VERSION = 5.0;
				TARGETED_DEVICE_FAMILY = 1;
			};
			name = Debug;
		};
		91D72B5B27B2540B00FB24A7 /* Release */ = {
			isa = XCBuildConfiguration;
			buildSettings = {
				ASSETCATALOG_COMPILER_APPICON_NAME = AppIcon;
				ASSETCATALOG_COMPILER_GLOBAL_ACCENT_COLOR_NAME = AccentColor;
				CODE_SIGN_STYLE = Automatic;
				CURRENT_PROJECT_VERSION = 1;
				DEVELOPMENT_TEAM = 8ZYH9A6QJL;
				GENERATE_INFOPLIST_FILE = YES;
				INFOPLIST_KEY_UIApplicationSupportsIndirectInputEvents = YES;
				INFOPLIST_KEY_UILaunchStoryboardName = LaunchScreen;
				INFOPLIST_KEY_UIMainStoryboardFile = Main;
				INFOPLIST_KEY_UIStatusBarHidden = YES;
				INFOPLIST_KEY_UISupportedInterfaceOrientations_iPad = "UIInterfaceOrientationPortrait UIInterfaceOrientationPortraitUpsideDown UIInterfaceOrientationLandscapeLeft UIInterfaceOrientationLandscapeRight";
				INFOPLIST_KEY_UISupportedInterfaceOrientations_iPhone = "UIInterfaceOrientationPortrait UIInterfaceOrientationLandscapeLeft UIInterfaceOrientationLandscapeRight";
				LD_RUNPATH_SEARCH_PATHS = (
					"$(inherited)",
					"@executable_path/Frameworks",
				);
				MARKETING_VERSION = 1.0;
				PRODUCT_BUNDLE_IDENTIFIER = "com.Vlad-Akymenko.GimmeTheLoot";
				PRODUCT_NAME = "$(TARGET_NAME)";
				SWIFT_EMIT_LOC_STRINGS = YES;
				SWIFT_VERSION = 5.0;
				TARGETED_DEVICE_FAMILY = 1;
			};
			name = Release;
		};
/* End XCBuildConfiguration section */

/* Begin XCConfigurationList section */
		91D72B3D27B2540900FB24A7 /* Build configuration list for PBXProject "GimmeTheLoot" */ = {
			isa = XCConfigurationList;
			buildConfigurations = (
				91D72B5727B2540B00FB24A7 /* Debug */,
				91D72B5827B2540B00FB24A7 /* Release */,
			);
			defaultConfigurationIsVisible = 0;
			defaultConfigurationName = Release;
		};
		91D72B5927B2540B00FB24A7 /* Build configuration list for PBXNativeTarget "GimmeTheLoot" */ = {
			isa = XCConfigurationList;
			buildConfigurations = (
				91D72B5A27B2540B00FB24A7 /* Debug */,
				91D72B5B27B2540B00FB24A7 /* Release */,
			);
			defaultConfigurationIsVisible = 0;
			defaultConfigurationName = Release;
		};
/* End XCConfigurationList section */
	};
	rootObject = 91D72B3A27B2540900FB24A7 /* Project object */;
}
